<?xml version="1.0" encoding="UTF-8"?>
<Scheme
   LastUpgradeVersion = "1020"
   version = "1.3">
   <BuildAction
      parallelizeBuildables = "YES"
      buildImplicitDependencies = "YES">
      <BuildActionEntries>
         <BuildActionEntry
            buildForTesting = "YES"
            buildForRunning = "YES"
            buildForProfiling = "YES"
            buildForArchiving = "YES"
            buildForAnalyzing = "YES">
            <BuildableReference
               BuildableIdentifier = "primary"
               BlueprintIdentifier = "FD152A2822394C7A0026BE41"
               BuildableName = "CEXDirect.framework"
               BlueprintName = "CEXDirect"
               ReferencedContainer = "container:CEXDirect.xcodeproj">
            </BuildableReference>
         </BuildActionEntry>
      </BuildActionEntries>
   </BuildAction>
   <TestAction
      buildConfiguration = "Debug-Development"
      selectedDebuggerIdentifier = "Xcode.DebuggerFoundation.Debugger.LLDB"
      selectedLauncherIdentifier = "Xcode.DebuggerFoundation.Launcher.LLDB"
      shouldUseLaunchSchemeArgsEnv = "YES">
      <MacroExpansion>
         <BuildableReference
            BuildableIdentifier = "primary"
            BlueprintIdentifier = "FD36369B224933F6004F1926"
            BuildableName = "CEXDirectDemo DEV.app"
            BlueprintName = "CEXDirectDemo"
            ReferencedContainer = "container:CEXDirect.xcodeproj">
         </BuildableReference>
      </MacroExpansion>
      <Testables>
      </Testables>
   </TestAction>
   <LaunchAction
      buildConfiguration = "Debug-UAT"
      selectedDebuggerIdentifier = "Xcode.DebuggerFoundation.Debugger.LLDB"
      selectedLauncherIdentifier = "Xcode.DebuggerFoundation.Launcher.LLDB"
      launchStyle = "0"
      useCustomWorkingDirectory = "NO"
      ignoresPersistentStateOnLaunch = "NO"
      debugDocumentVersioning = "YES"
      debugServiceExtension = "internal"
      allowLocationSimulation = "YES">
      <BuildableProductRunnable
         runnableDebuggingMode = "0">
         <BuildableReference
            BuildableIdentifier = "primary"
            BlueprintIdentifier = "FD36369B224933F6004F1926"
            BuildableName = "CEXDirectDemo DEV.app"
            BlueprintName = "CEXDirectDemo"
            ReferencedContainer = "container:CEXDirect.xcodeproj">
         </BuildableReference>
      </BuildableProductRunnable>
      <EnvironmentVariables>
         <EnvironmentVariable
            key = "PLACEMENT_SECRET"
            value = "EgorNeMogetPobeditVkikkerHaHa!"
            isEnabled = "YES">
         </EnvironmentVariable>
         <EnvironmentVariable
            key = "PLACEMENT_ID"
            value = "77777777-7777-7777-7777-777777777777"
            isEnabled = "YES">
         </EnvironmentVariable>
      </EnvironmentVariables>
   </LaunchAction>
   <ProfileAction
      buildConfiguration = "Release-Development"
      shouldUseLaunchSchemeArgsEnv = "YES"
      savedToolIdentifier = ""
      useCustomWorkingDirectory = "NO"
      debugDocumentVersioning = "YES">
      <MacroExpansion>
         <BuildableReference
            BuildableIdentifier = "primary"
            BlueprintIdentifier = "FD152A2822394C7A0026BE41"
            BuildableName = "CEXDirect.framework"
            BlueprintName = "CEXDirect"
            ReferencedContainer = "container:CEXDirect.xcodeproj">
         </BuildableReference>
      </MacroExpansion>
   </ProfileAction>
   <AnalyzeAction
      buildConfiguration = "Debug-Development">
   </AnalyzeAction>
   <ArchiveAction
      buildConfiguration = "Release-Development"
      revealArchiveInOrganizer = "YES">
   </ArchiveAction>
</Scheme>
